
Microsoft Visual Studio Solution File, Format Version 12.00
# Visual Studio 15
VisualStudioVersion = 15.0.27703.2026
MinimumVisualStudioVersion = 10.0.40219.1
Project("{4DF76451-A46A-4C0B-BE03-459FAAFA07E6}") = "Ringostat", "Ringostat\Ringostat.mproj", "{8EB3A4A3-00D4-4F9C-B331-C43DC12D1D5E}"
EndProject
Global
	GlobalSection(SolutionConfigurationPlatforms) = preSolution
		Debug|x86 = Debug|x86
		Release|x86 = Release|x86
	EndGlobalSection
	GlobalSection(ProjectConfigurationPlatforms) = postSolution
		{8EB3A4A3-00D4-4F9C-B331-C43DC12D1D5E}.Debug|x86.ActiveCfg = Debug|x86
		{8EB3A4A3-00D4-4F9C-B331-C43DC12D1D5E}.Debug|x86.Build.0 = Debug|x86
		{8EB3A4A3-00D4-4F9C-B331-C43DC12D1D5E}.Release|x86.ActiveCfg = Release|x86
		{8EB3A4A3-00D4-4F9C-B331-C43DC12D1D5E}.Release|x86.Build.0 = Release|x86
	EndGlobalSection
	GlobalSection(SolutionProperties) = preSolution
		HideSolutionNode = FALSE
	EndGlobalSection
	GlobalSection(ExtensibilityGlobals) = postSolution
		SolutionGuid = {3F4A5A96-A983-4CF5-A8E2-83A8AD2D97E8}
	EndGlobalSection
EndGlobal
